# This file is generated by running "yarn install" inside your project.
# Manual changes might be lost - proceed with caution!

__metadata:
  version: 8
  cacheKey: 10

"@biomejs/biome@npm:1.9.4":
  version: 1.9.4
  resolution: "@biomejs/biome@npm:1.9.4"
  dependencies:
    "@biomejs/cli-darwin-arm64": "npm:1.9.4"
    "@biomejs/cli-darwin-x64": "npm:1.9.4"
    "@biomejs/cli-linux-arm64": "npm:1.9.4"
    "@biomejs/cli-linux-arm64-musl": "npm:1.9.4"
    "@biomejs/cli-linux-x64": "npm:1.9.4"
    "@biomejs/cli-linux-x64-musl": "npm:1.9.4"
    "@biomejs/cli-win32-arm64": "npm:1.9.4"
    "@biomejs/cli-win32-x64": "npm:1.9.4"
  dependenciesMeta:
    "@biomejs/cli-darwin-arm64":
      optional: true
    "@biomejs/cli-darwin-x64":
      optional: true
    "@biomejs/cli-linux-arm64":
      optional: true
    "@biomejs/cli-linux-arm64-musl":
      optional: true
    "@biomejs/cli-linux-x64":
      optional: true
    "@biomejs/cli-linux-x64-musl":
      optional: true
    "@biomejs/cli-win32-arm64":
      optional: true
    "@biomejs/cli-win32-x64":
      optional: true
  bin:
    biome: bin/biome
  checksum: 10/bd8ff8fb4dc0581bd60a9b9ac28d0cd03ba17c6a1de2ab6228b7fda582079594ceee774f47e41aac2fc6d35de1637def2e32ef2e58fa24e22d1b24ef9ee5cefa
  languageName: node
  linkType: hard

"@biomejs/cli-darwin-arm64@npm:1.9.4":
  version: 1.9.4
  resolution: "@biomejs/cli-darwin-arm64@npm:1.9.4"
  conditions: os=darwin & cpu=arm64
  languageName: node
  linkType: hard

"@biomejs/cli-darwin-x64@npm:1.9.4":
  version: 1.9.4
  resolution: "@biomejs/cli-darwin-x64@npm:1.9.4"
  conditions: os=darwin & cpu=x64
  languageName: node
  linkType: hard

"@biomejs/cli-linux-arm64-musl@npm:1.9.4":
  version: 1.9.4
  resolution: "@biomejs/cli-linux-arm64-musl@npm:1.9.4"
  conditions: os=linux & cpu=arm64 & libc=musl
  languageName: node
  linkType: hard

"@biomejs/cli-linux-arm64@npm:1.9.4":
  version: 1.9.4
  resolution: "@biomejs/cli-linux-arm64@npm:1.9.4"
  conditions: os=linux & cpu=arm64 & libc=glibc
  languageName: node
  linkType: hard

"@biomejs/cli-linux-x64-musl@npm:1.9.4":
  version: 1.9.4
  resolution: "@biomejs/cli-linux-x64-musl@npm:1.9.4"
  conditions: os=linux & cpu=x64 & libc=musl
  languageName: node
  linkType: hard

"@biomejs/cli-linux-x64@npm:1.9.4":
  version: 1.9.4
  resolution: "@biomejs/cli-linux-x64@npm:1.9.4"
  conditions: os=linux & cpu=x64 & libc=glibc
  languageName: node
  linkType: hard

"@biomejs/cli-win32-arm64@npm:1.9.4":
  version: 1.9.4
  resolution: "@biomejs/cli-win32-arm64@npm:1.9.4"
  conditions: os=win32 & cpu=arm64
  languageName: node
  linkType: hard

"@biomejs/cli-win32-x64@npm:1.9.4":
  version: 1.9.4
  resolution: "@biomejs/cli-win32-x64@npm:1.9.4"
  conditions: os=win32 & cpu=x64
  languageName: node
  linkType: hard

"@jonahsnider/prettier-config@npm:1.1.2":
  version: 1.1.2
  resolution: "@jonahsnider/prettier-config@npm:1.1.2"
  dependencies:
    "@types/prettier": "npm:^2.6.3"
    prettier-config-xo: "npm:2.0.0"
  checksum: 10/7e066edb8615a13a2bbd931a66f3616e947da5b1740a77305458ec4896019c582730140dc5036985e1f56e6f697fa43b013ff69b68f63afe5010428ed601d86f
  languageName: node
  linkType: hard

"@next/env@npm:14.2.23":
  version: 14.2.23
  resolution: "@next/env@npm:14.2.23"
  checksum: 10/30c294432d94582548bfd68d2ce1b142fc615981f1651e8f473cd51014eee0b0a925352f35ca8e3ecf98197d5ac24d714ea3bfc5de14420bd23653d6080826cc
  languageName: node
  linkType: hard

"@next/swc-darwin-arm64@npm:14.2.23":
  version: 14.2.23
  resolution: "@next/swc-darwin-arm64@npm:14.2.23"
  conditions: os=darwin & cpu=arm64
  languageName: node
  linkType: hard

"@next/swc-darwin-x64@npm:14.2.23":
  version: 14.2.23
  resolution: "@next/swc-darwin-x64@npm:14.2.23"
  conditions: os=darwin & cpu=x64
  languageName: node
  linkType: hard

"@next/swc-linux-arm64-gnu@npm:14.2.23":
  version: 14.2.23
  resolution: "@next/swc-linux-arm64-gnu@npm:14.2.23"
  conditions: os=linux & cpu=arm64 & libc=glibc
  languageName: node
  linkType: hard

"@next/swc-linux-arm64-musl@npm:14.2.23":
  version: 14.2.23
  resolution: "@next/swc-linux-arm64-musl@npm:14.2.23"
  conditions: os=linux & cpu=arm64 & libc=musl
  languageName: node
  linkType: hard

"@next/swc-linux-x64-gnu@npm:14.2.23":
  version: 14.2.23
  resolution: "@next/swc-linux-x64-gnu@npm:14.2.23"
  conditions: os=linux & cpu=x64 & libc=glibc
  languageName: node
  linkType: hard

"@next/swc-linux-x64-musl@npm:14.2.23":
  version: 14.2.23
  resolution: "@next/swc-linux-x64-musl@npm:14.2.23"
  conditions: os=linux & cpu=x64 & libc=musl
  languageName: node
  linkType: hard

"@next/swc-win32-arm64-msvc@npm:14.2.23":
  version: 14.2.23
  resolution: "@next/swc-win32-arm64-msvc@npm:14.2.23"
  conditions: os=win32 & cpu=arm64
  languageName: node
  linkType: hard

"@next/swc-win32-ia32-msvc@npm:14.2.23":
  version: 14.2.23
  resolution: "@next/swc-win32-ia32-msvc@npm:14.2.23"
  conditions: os=win32 & cpu=ia32
  languageName: node
  linkType: hard

"@next/swc-win32-x64-msvc@npm:14.2.23":
  version: 14.2.23
  resolution: "@next/swc-win32-x64-msvc@npm:14.2.23"
  conditions: os=win32 & cpu=x64
  languageName: node
  linkType: hard

"@swc/counter@npm:^0.1.3":
  version: 0.1.3
  resolution: "@swc/counter@npm:0.1.3"
  checksum: 10/df8f9cfba9904d3d60f511664c70d23bb323b3a0803ec9890f60133954173047ba9bdeabce28cd70ba89ccd3fd6c71c7b0bd58be85f611e1ffbe5d5c18616598
  languageName: node
  linkType: hard

"@swc/helpers@npm:0.5.5":
  version: 0.5.5
  resolution: "@swc/helpers@npm:0.5.5"
  dependencies:
    "@swc/counter": "npm:^0.1.3"
    tslib: "npm:^2.4.0"
  checksum: 10/1c5ef04f642542212df28c669438f3e0f459dcde7b448a5b1fcafb2e9e4f13e76d8428535a270e91ed123dd2a21189dbed34086b88a8cf68baf84984d6d0e39b
  languageName: node
  linkType: hard

"@types/node@npm:20.17.16":
  version: 20.17.16
  resolution: "@types/node@npm:20.17.16"
  dependencies:
    undici-types: "npm:~6.19.2"
  checksum: 10/2a6f9f3d6e2640a6de5ae88ea690d8064eb421cca2989c84bc23eb1adf5e9f483c52e273722c05afba451054d3ca902df72bb8b6c33d1684404161bb410922f7
  languageName: node
  linkType: hard

"@types/prettier@npm:^2.6.3":
  version: 2.7.3
  resolution: "@types/prettier@npm:2.7.3"
  checksum: 10/cda84c19acc3bf327545b1ce71114a7d08efbd67b5030b9e8277b347fa57b05178045f70debe1d363ff7efdae62f237260713aafc2d7217e06fc99b048a88497
  languageName: node
  linkType: hard

"@types/prop-types@npm:*":
  version: 15.7.5
  resolution: "@types/prop-types@npm:15.7.5"
  checksum: 10/5b43b8b15415e1f298243165f1d44390403bb2bd42e662bca3b5b5633fdd39c938e91b7fce3a9483699db0f7a715d08cef220c121f723a634972fdf596aec980
  languageName: node
  linkType: hard

"@types/react-dom@npm:18.3.5":
  version: 18.3.5
  resolution: "@types/react-dom@npm:18.3.5"
  peerDependencies:
    "@types/react": ^18.0.0
  checksum: 10/02095b326f373867498e0eb2b5ebb60f9bd9535db0d757ea13504c4b7d75e16605cf1d43ce7a2e67893d177b51db4357cabb2842fb4257c49427d02da1a14e09
  languageName: node
  linkType: hard

"@types/react@npm:18.3.18":
  version: 18.3.18
  resolution: "@types/react@npm:18.3.18"
  dependencies:
    "@types/prop-types": "npm:*"
    csstype: "npm:^3.0.2"
  checksum: 10/7fdd8b853e0d291d4138133f93f8d5c333da918e5804afcea61a923aab4bdfc9bb15eb21a5640959b452972b8715ddf10ffb12b3bd071898b9e37738636463f2
  languageName: node
  linkType: hard

"@vercel/analytics@npm:1.4.1":
  version: 1.4.1
  resolution: "@vercel/analytics@npm:1.4.1"
  peerDependencies:
    "@remix-run/react": ^2
    "@sveltejs/kit": ^1 || ^2
    next: ">= 13"
    react: ^18 || ^19 || ^19.0.0-rc
    svelte: ">= 4"
    vue: ^3
    vue-router: ^4
  peerDependenciesMeta:
    "@remix-run/react":
      optional: true
    "@sveltejs/kit":
      optional: true
    next:
      optional: true
    react:
      optional: true
    svelte:
      optional: true
    vue:
      optional: true
    vue-router:
      optional: true
  checksum: 10/c28e6824cccc9be7917f88d744492e03189d7b9f840430d90c016956c713bb61b94955ec0181a80177ef96c3b239fd8ebb9e9f3eb715b3bdf76b2630cb405dad
  languageName: node
  linkType: hard

"autoprefixer@npm:10.4.20":
  version: 10.4.20
  resolution: "autoprefixer@npm:10.4.20"
  dependencies:
    browserslist: "npm:^4.23.3"
    caniuse-lite: "npm:^1.0.30001646"
    fraction.js: "npm:^4.3.7"
    normalize-range: "npm:^0.1.2"
    picocolors: "npm:^1.0.1"
    postcss-value-parser: "npm:^4.2.0"
  peerDependencies:
    postcss: ^8.1.0
  bin:
    autoprefixer: bin/autoprefixer
  checksum: 10/d3c4b562fc4af2393623a0207cc336f5b9f94c4264ae1c316376904c279702ce2b12dc3f27205f491195d1e29bb52ffc269970ceb0f271f035fadee128a273f7
  languageName: node
  linkType: hard

"browserslist@npm:^4.23.3":
  version: 4.23.3
  resolution: "browserslist@npm:4.23.3"
  dependencies:
    caniuse-lite: "npm:^1.0.30001646"
    electron-to-chromium: "npm:^1.5.4"
    node-releases: "npm:^2.0.18"
    update-browserslist-db: "npm:^1.1.0"
  bin:
    browserslist: cli.js
  checksum: 10/e266d18c6c6c5becf9a1a7aa264477677b9796387972e8fce34854bb33dc1666194dc28389780e5dc6566e68a95e87ece2ce222e1c4ca93c2b75b61dfebd5f1c
  languageName: node
  linkType: hard

"busboy@npm:1.6.0":
  version: 1.6.0
  resolution: "busboy@npm:1.6.0"
  dependencies:
    streamsearch: "npm:^1.1.0"
  checksum: 10/bee10fa10ea58e7e3e7489ffe4bda6eacd540a17de9f9cd21cc37e297b2dd9fe52b2715a5841afaec82900750d810d01d7edb4b2d456427f449b92b417579763
  languageName: node
  linkType: hard

"caniuse-lite@npm:^1.0.30001579":
  version: 1.0.30001579
  resolution: "caniuse-lite@npm:1.0.30001579"
  checksum: 10/2cd0c02e5d66b09888743ad2b624dbde697ace5c76b55bfd6065ea033f6abea8ac3f5d3c9299c042f91b396e2141b49bc61f5e17086dc9ba3a866cc6790134c0
  languageName: node
  linkType: hard

"caniuse-lite@npm:^1.0.30001646":
  version: 1.0.30001646
  resolution: "caniuse-lite@npm:1.0.30001646"
  checksum: 10/6c66a5677b58988c2ee86905b05705b00be552a3e4f768bd0d9a10098cc4ec471de5b204e2c2ab534f34b5f216c059321a9e5cb1395928cf29ded0a4aae4535f
  languageName: node
  linkType: hard

"client-only@npm:0.0.1":
  version: 0.0.1
  resolution: "client-only@npm:0.0.1"
  checksum: 10/0c16bf660dadb90610553c1d8946a7fdfb81d624adea073b8440b7d795d5b5b08beb3c950c6a2cf16279365a3265158a236876d92bce16423c485c322d7dfaf8
  languageName: node
  linkType: hard

"clsx@npm:2.1.1":
  version: 2.1.1
  resolution: "clsx@npm:2.1.1"
  checksum: 10/cdfb57fa6c7649bbff98d9028c2f0de2f91c86f551179541cf784b1cfdc1562dcb951955f46d54d930a3879931a980e32a46b598acaea274728dbe068deca919
  languageName: node
  linkType: hard

"csstype@npm:^3.0.2":
  version: 3.1.2
  resolution: "csstype@npm:3.1.2"
  checksum: 10/1f39c541e9acd9562996d88bc9fb62d1cb234786ef11ed275567d4b2bd82e1ceacde25debc8de3d3b4871ae02c2933fa02614004c97190711caebad6347debc2
  languageName: node
  linkType: hard

"electron-to-chromium@npm:^1.5.4":
  version: 1.5.4
  resolution: "electron-to-chromium@npm:1.5.4"
  checksum: 10/ce64db25c399d33830e74e58bbc5ab7c06948669e204b6508e98c278ddaead1da1cbb356d15b55eb659f89d4d7bcf00944f08f96e886f1d3d065ba11744c5633
  languageName: node
  linkType: hard

"escalade@npm:^3.1.2":
  version: 3.1.2
  resolution: "escalade@npm:3.1.2"
  checksum: 10/a1e07fea2f15663c30e40b9193d658397846ffe28ce0a3e4da0d8e485fedfeca228ab846aee101a05015829adf39f9934ff45b2a3fca47bed37a29646bd05cd3
  languageName: node
  linkType: hard

"fraction.js@npm:^4.3.7":
  version: 4.3.7
  resolution: "fraction.js@npm:4.3.7"
  checksum: 10/bb5ebcdeeffcdc37b68ead3bdfc244e68de188e0c64e9702197333c72963b95cc798883ad16adc21588088b942bca5b6a6ff4aeb1362d19f6f3b629035dc15f5
  languageName: node
  linkType: hard

"framer-motion@npm:11.18.2":
  version: 11.18.2
  resolution: "framer-motion@npm:11.18.2"
  dependencies:
    motion-dom: "npm:^11.18.1"
    motion-utils: "npm:^11.18.1"
    tslib: "npm:^2.4.0"
  peerDependencies:
    "@emotion/is-prop-valid": "*"
    react: ^18.0.0 || ^19.0.0
    react-dom: ^18.0.0 || ^19.0.0
  peerDependenciesMeta:
    "@emotion/is-prop-valid":
      optional: true
    react:
      optional: true
    react-dom:
      optional: true
  checksum: 10/f8805f9f5664b86aad6b9ed280a79b10e7ed4e31048728d4c3767d95a5c9feeb0279844bbe613dcb3741bb784cdf6ad761e726249fa4feeec9bec4a29f78a397
  languageName: node
  linkType: hard

"graceful-fs@npm:^4.2.11":
  version: 4.2.11
  resolution: "graceful-fs@npm:4.2.11"
  checksum: 10/bf152d0ed1dc159239db1ba1f74fdbc40cb02f626770dcd5815c427ce0688c2635a06ed69af364396da4636d0408fcf7d4afdf7881724c3307e46aff30ca49e2
  languageName: node
  linkType: hard

"jonahsnider.com@workspace:.":
  version: 0.0.0-use.local
  resolution: "jonahsnider.com@workspace:."
  dependencies:
    "@biomejs/biome": "npm:1.9.4"
    "@jonahsnider/prettier-config": "npm:1.1.2"
    "@types/node": "npm:20.17.16"
    "@types/react": "npm:18.3.18"
    "@types/react-dom": "npm:18.3.5"
    "@vercel/analytics": "npm:1.4.1"
    autoprefixer: "npm:10.4.20"
    clsx: "npm:2.1.1"
    framer-motion: "npm:11.18.2"
    next: "npm:14.2.23"
    postcss: "npm:8.5.1"
    prettier: "npm:3.4.2"
    prettier-plugin-tailwindcss: "npm:0.6.11"
    react: "npm:18.3.1"
    react-dom: "npm:18.3.1"
    tailwindcss: "npm:4.0.1"
    typescript: "npm:5.7.3"
  languageName: unknown
  linkType: soft

"js-tokens@npm:^3.0.0 || ^4.0.0":
  version: 4.0.0
  resolution: "js-tokens@npm:4.0.0"
  checksum: 10/af37d0d913fb56aec6dc0074c163cc71cd23c0b8aad5c2350747b6721d37ba118af35abdd8b33c47ec2800de07dedb16a527ca9c530ee004093e04958bd0cbf2
  languageName: node
  linkType: hard

"loose-envify@npm:^1.1.0":
  version: 1.4.0
  resolution: "loose-envify@npm:1.4.0"
  dependencies:
    js-tokens: "npm:^3.0.0 || ^4.0.0"
  bin:
    loose-envify: cli.js
  checksum: 10/6517e24e0cad87ec9888f500c5b5947032cdfe6ef65e1c1936a0c48a524b81e65542c9c3edc91c97d5bddc806ee2a985dbc79be89215d613b1de5db6d1cfe6f4
  languageName: node
  linkType: hard

"motion-dom@npm:^11.18.1":
  version: 11.18.1
  resolution: "motion-dom@npm:11.18.1"
  dependencies:
    motion-utils: "npm:^11.18.1"
  checksum: 10/d9172638e05998486800b1045fd2060dce13c748bdef2071b8d6f94adf87da9f5e11d44367a6ea2b4d2a8701d150a21427c1676b023dfe0e48f36c0383b2ceec
  languageName: node
  linkType: hard

"motion-utils@npm:^11.18.1":
  version: 11.18.1
  resolution: "motion-utils@npm:11.18.1"
  checksum: 10/8af61c8260ed6abe9c0d4e1037bd80de95a461a62c89daaf26bfdcdccc96799eed5c45adbdff90ea78614336bf2e3b91f4eb6ecb4e4028a3bce53977b54822a2
  languageName: node
  linkType: hard

"nanoid@npm:^3.3.6":
  version: 3.3.6
  resolution: "nanoid@npm:3.3.6"
  bin:
    nanoid: bin/nanoid.cjs
  checksum: 10/67235c39d1bc05851383dadde5cf77ae1c90c2a1d189e845c7f20f646f0488d875ad5f5226bbba072a88cebbb085a3f784a6673117daf785bdf614a852550362
  languageName: node
  linkType: hard

"nanoid@npm:^3.3.8":
  version: 3.3.8
  resolution: "nanoid@npm:3.3.8"
  bin:
    nanoid: bin/nanoid.cjs
  checksum: 10/2d1766606cf0d6f47b6f0fdab91761bb81609b2e3d367027aff45e6ee7006f660fb7e7781f4a34799fe6734f1268eeed2e37a5fdee809ade0c2d4eb11b0f9c40
  languageName: node
  linkType: hard

"next@npm:14.2.23":
  version: 14.2.23
  resolution: "next@npm:14.2.23"
  dependencies:
    "@next/env": "npm:14.2.23"
    "@next/swc-darwin-arm64": "npm:14.2.23"
    "@next/swc-darwin-x64": "npm:14.2.23"
    "@next/swc-linux-arm64-gnu": "npm:14.2.23"
    "@next/swc-linux-arm64-musl": "npm:14.2.23"
    "@next/swc-linux-x64-gnu": "npm:14.2.23"
    "@next/swc-linux-x64-musl": "npm:14.2.23"
    "@next/swc-win32-arm64-msvc": "npm:14.2.23"
    "@next/swc-win32-ia32-msvc": "npm:14.2.23"
    "@next/swc-win32-x64-msvc": "npm:14.2.23"
    "@swc/helpers": "npm:0.5.5"
    busboy: "npm:1.6.0"
    caniuse-lite: "npm:^1.0.30001579"
    graceful-fs: "npm:^4.2.11"
    postcss: "npm:8.4.31"
    styled-jsx: "npm:5.1.1"
  peerDependencies:
    "@opentelemetry/api": ^1.1.0
    "@playwright/test": ^1.41.2
    react: ^18.2.0
    react-dom: ^18.2.0
    sass: ^1.3.0
  dependenciesMeta:
    "@next/swc-darwin-arm64":
      optional: true
    "@next/swc-darwin-x64":
      optional: true
    "@next/swc-linux-arm64-gnu":
      optional: true
    "@next/swc-linux-arm64-musl":
      optional: true
    "@next/swc-linux-x64-gnu":
      optional: true
    "@next/swc-linux-x64-musl":
      optional: true
    "@next/swc-win32-arm64-msvc":
      optional: true
    "@next/swc-win32-ia32-msvc":
      optional: true
    "@next/swc-win32-x64-msvc":
      optional: true
  peerDependenciesMeta:
    "@opentelemetry/api":
      optional: true
    "@playwright/test":
      optional: true
    sass:
      optional: true
  bin:
    next: dist/bin/next
  checksum: 10/e22abb7a785f6498ca0706d20e3419402090579b538ef23b694c75af74643d0ad6e264a158403ab4692af32ce8db63ec41ac0924cdce94cfe15ca15ba8687fe4
  languageName: node
  linkType: hard

"node-releases@npm:^2.0.18":
  version: 2.0.18
  resolution: "node-releases@npm:2.0.18"
  checksum: 10/241e5fa9556f1c12bafb83c6c3e94f8cf3d8f2f8f904906ecef6e10bcaa1d59aa61212d4651bec70052015fc54bd3fdcdbe7fc0f638a17e6685aa586c076ec4e
  languageName: node
  linkType: hard

"normalize-range@npm:^0.1.2":
  version: 0.1.2
  resolution: "normalize-range@npm:0.1.2"
  checksum: 10/9b2f14f093593f367a7a0834267c24f3cb3e887a2d9809c77d8a7e5fd08738bcd15af46f0ab01cc3a3d660386f015816b5c922cea8bf2ee79777f40874063184
  languageName: node
  linkType: hard

"picocolors@npm:^1.0.0":
  version: 1.0.0
  resolution: "picocolors@npm:1.0.0"
  checksum: 10/a2e8092dd86c8396bdba9f2b5481032848525b3dc295ce9b57896f931e63fc16f79805144321f72976383fc249584672a75cc18d6777c6b757603f372f745981
  languageName: node
  linkType: hard

"picocolors@npm:^1.0.1":
  version: 1.0.1
  resolution: "picocolors@npm:1.0.1"
  checksum: 10/fa68166d1f56009fc02a34cdfd112b0dd3cf1ef57667ac57281f714065558c01828cdf4f18600ad6851cbe0093952ed0660b1e0156bddf2184b6aaf5817553a5
  languageName: node
  linkType: hard

"picocolors@npm:^1.1.1":
  version: 1.1.1
  resolution: "picocolors@npm:1.1.1"
  checksum: 10/e1cf46bf84886c79055fdfa9dcb3e4711ad259949e3565154b004b260cd356c5d54b31a1437ce9782624bf766272fe6b0154f5f0c744fb7af5d454d2b60db045
  languageName: node
  linkType: hard

"postcss-value-parser@npm:^4.2.0":
  version: 4.2.0
  resolution: "postcss-value-parser@npm:4.2.0"
  checksum: 10/e4e4486f33b3163a606a6ed94f9c196ab49a37a7a7163abfcd469e5f113210120d70b8dd5e33d64636f41ad52316a3725655421eb9a1094f1bcab1db2f555c62
  languageName: node
  linkType: hard

"postcss@npm:8.4.31":
  version: 8.4.31
  resolution: "postcss@npm:8.4.31"
  dependencies:
    nanoid: "npm:^3.3.6"
    picocolors: "npm:^1.0.0"
    source-map-js: "npm:^1.0.2"
  checksum: 10/1a6653e72105907377f9d4f2cd341d8d90e3fde823a5ddea1e2237aaa56933ea07853f0f2758c28892a1d70c53bbaca200eb8b80f8ed55f13093003dbec5afa0
  languageName: node
  linkType: hard

"postcss@npm:8.5.1":
  version: 8.5.1
  resolution: "postcss@npm:8.5.1"
  dependencies:
    nanoid: "npm:^3.3.8"
    picocolors: "npm:^1.1.1"
    source-map-js: "npm:^1.2.1"
  checksum: 10/1fbd28753143f7f03e4604813639918182b15343c7ad0f4e72f3875fc2cc0b8494c887f55dc05008fad5fbf1e1e908ce2edbbce364a91f84dcefb71edf7cd31d
  languageName: node
  linkType: hard

"prettier-config-xo@npm:2.0.0":
  version: 2.0.0
  resolution: "prettier-config-xo@npm:2.0.0"
  checksum: 10/066ec0eb29f671d6c2f17570230c4348542af9eacd37c3e060b9e64cb55cddd00137cf66319210488358585bfbb6577f4adfac5dddb65ed7f43cea5668329841
  languageName: node
  linkType: hard

"prettier-plugin-tailwindcss@npm:0.6.11":
  version: 0.6.11
  resolution: "prettier-plugin-tailwindcss@npm:0.6.11"
  peerDependencies:
    "@ianvs/prettier-plugin-sort-imports": "*"
    "@prettier/plugin-pug": "*"
    "@shopify/prettier-plugin-liquid": "*"
    "@trivago/prettier-plugin-sort-imports": "*"
    "@zackad/prettier-plugin-twig": "*"
    prettier: ^3.0
    prettier-plugin-astro: "*"
    prettier-plugin-css-order: "*"
    prettier-plugin-import-sort: "*"
    prettier-plugin-jsdoc: "*"
    prettier-plugin-marko: "*"
    prettier-plugin-multiline-arrays: "*"
    prettier-plugin-organize-attributes: "*"
    prettier-plugin-organize-imports: "*"
    prettier-plugin-sort-imports: "*"
    prettier-plugin-style-order: "*"
    prettier-plugin-svelte: "*"
  peerDependenciesMeta:
    "@ianvs/prettier-plugin-sort-imports":
      optional: true
    "@prettier/plugin-pug":
      optional: true
    "@shopify/prettier-plugin-liquid":
      optional: true
    "@trivago/prettier-plugin-sort-imports":
      optional: true
    "@zackad/prettier-plugin-twig":
      optional: true
    prettier-plugin-astro:
      optional: true
    prettier-plugin-css-order:
      optional: true
    prettier-plugin-import-sort:
      optional: true
    prettier-plugin-jsdoc:
      optional: true
    prettier-plugin-marko:
      optional: true
    prettier-plugin-multiline-arrays:
      optional: true
    prettier-plugin-organize-attributes:
      optional: true
    prettier-plugin-organize-imports:
      optional: true
    prettier-plugin-sort-imports:
      optional: true
    prettier-plugin-style-order:
      optional: true
    prettier-plugin-svelte:
      optional: true
  checksum: 10/7c87d8b9c7fc6e8bd3722da5c0bd115cfc249baba339b28b56ed270f0bcb99e0196836cd7270c8ab6bc499186f41e2bac4adff7795cd523d8f63f43424a0a36d
  languageName: node
  linkType: hard

"prettier@npm:3.4.2":
  version: 3.4.2
  resolution: "prettier@npm:3.4.2"
  bin:
    prettier: bin/prettier.cjs
  checksum: 10/a3e806fb0b635818964d472d35d27e21a4e17150c679047f5501e1f23bd4aa806adf660f0c0d35214a210d5d440da6896c2e86156da55f221a57938278dc326e
  languageName: node
  linkType: hard

"react-dom@npm:18.3.1":
  version: 18.3.1
  resolution: "react-dom@npm:18.3.1"
  dependencies:
    loose-envify: "npm:^1.1.0"
    scheduler: "npm:^0.23.2"
  peerDependencies:
    react: ^18.3.1
  checksum: 10/3f4b73a3aa083091173b29812b10394dd06f4ac06aff410b74702cfb3aa29d7b0ced208aab92d5272919b612e5cda21aeb1d54191848cf6e46e9e354f3541f81
  languageName: node
  linkType: hard

"react@npm:18.3.1":
  version: 18.3.1
  resolution: "react@npm:18.3.1"
  dependencies:
    loose-envify: "npm:^1.1.0"
  checksum: 10/261137d3f3993eaa2368a83110466fc0e558bc2c7f7ae7ca52d94f03aac945f45146bd85e5f481044db1758a1dbb57879e2fcdd33924e2dde1bdc550ce73f7bf
  languageName: node
  linkType: hard

"scheduler@npm:^0.23.2":
  version: 0.23.2
  resolution: "scheduler@npm:0.23.2"
  dependencies:
    loose-envify: "npm:^1.1.0"
  checksum: 10/e8d68b89d18d5b028223edf090092846868a765a591944760942b77ea1f69b17235f7e956696efbb62c8130ab90af7e0949bfb8eba7896335507317236966bc9
  languageName: node
  linkType: hard

"source-map-js@npm:^1.0.2":
  version: 1.0.2
  resolution: "source-map-js@npm:1.0.2"
  checksum: 10/38e2d2dd18d2e331522001fc51b54127ef4a5d473f53b1349c5cca2123562400e0986648b52e9407e348eaaed53bce49248b6e2641e6d793ca57cb2c360d6d51
  languageName: node
  linkType: hard

"source-map-js@npm:^1.2.1":
  version: 1.2.1
  resolution: "source-map-js@npm:1.2.1"
  checksum: 10/ff9d8c8bf096d534a5b7707e0382ef827b4dd360a577d3f34d2b9f48e12c9d230b5747974ee7c607f0df65113732711bb701fe9ece3c7edbd43cb2294d707df3
  languageName: node
  linkType: hard

"streamsearch@npm:^1.1.0":
  version: 1.1.0
  resolution: "streamsearch@npm:1.1.0"
  checksum: 10/612c2b2a7dbcc859f74597112f80a42cbe4d448d03da790d5b7b39673c1197dd3789e91cd67210353e58857395d32c1e955a9041c4e6d5bae723436b3ed9ed14
  languageName: node
  linkType: hard

"styled-jsx@npm:5.1.1":
  version: 5.1.1
  resolution: "styled-jsx@npm:5.1.1"
  dependencies:
    client-only: "npm:0.0.1"
  peerDependencies:
    react: ">= 16.8.0 || 17.x.x || ^18.0.0-0"
  peerDependenciesMeta:
    "@babel/core":
      optional: true
    babel-plugin-macros:
      optional: true
  checksum: 10/4f6a5d0010770fdeea1183d919d528fd46c484e23c0535ef3e1dd49488116f639c594f3bd4440e3bc8a8686c9f8d53c5761599870ff039ede11a5c3bfe08a4be
  languageName: node
  linkType: hard

"tailwindcss@npm:4.0.1":
  version: 4.0.1
  resolution: "tailwindcss@npm:4.0.1"
  checksum: 10/52cad83ef17873f00f90f7cb68d833001ed06924c43b3013f1b0497eb8778160302fc4cf5e09675c48c134dd48ce27571b4bb961f0df67ea6d7d6d368a3f807c
  languageName: node
  linkType: hard

"tslib@npm:^2.4.0":
  version: 2.6.2
  resolution: "tslib@npm:2.6.2"
  checksum: 10/bd26c22d36736513980091a1e356378e8b662ded04204453d353a7f34a4c21ed0afc59b5f90719d4ba756e581a162ecbf93118dc9c6be5acf70aa309188166ca
  languageName: node
  linkType: hard

"typescript@npm:5.7.3":
  version: 5.7.3
  resolution: "typescript@npm:5.7.3"
  bin:
    tsc: bin/tsc
    tsserver: bin/tsserver
  checksum: 10/6a7e556de91db3d34dc51cd2600e8e91f4c312acd8e52792f243c7818dfadb27bae677175fad6947f9c81efb6c57eb6b2d0c736f196a6ee2f1f7d57b74fc92fa
  languageName: node
  linkType: hard

"typescript@patch:typescript@npm%3A5.7.3#optional!builtin<compat/typescript>":
  version: 5.7.3
  resolution: "typescript@patch:typescript@npm%3A5.7.3#optional!builtin<compat/typescript>::version=5.7.3&hash=5786d5"
  bin:
    tsc: bin/tsc
    tsserver: bin/tsserver
  checksum: 10/dc58d777eb4c01973f7fbf1fd808aad49a0efdf545528dab9b07d94fdcb65b8751742804c3057e9619a4627f2d9cc85547fdd49d9f4326992ad0181b49e61d81
  languageName: node
  linkType: hard

"undici-types@npm:~6.19.2":
  version: 6.19.6
  resolution: "undici-types@npm:6.19.6"
  checksum: 10/0ea9bc25762a86597d095b3772f6cec0bcabb796c339f7dfa2bd601c745a480289eb2939848dc285a56d4f94f50c475868160d8d6d3f54e823f1faf7ea9e9468
  languageName: node
  linkType: hard

"update-browserslist-db@npm:^1.1.0":
  version: 1.1.0
  resolution: "update-browserslist-db@npm:1.1.0"
  dependencies:
    escalade: "npm:^3.1.2"
    picocolors: "npm:^1.0.1"
  peerDependencies:
    browserslist: ">= 4.21.0"
  bin:
    update-browserslist-db: cli.js
  checksum: 10/d70b9efeaf4601aadb1a4f6456a7a5d9118e0063d995866b8e0c5e0cf559482671dab6ce7b079f9536b06758a344fbd83f974b965211e1c6e8d1958540b0c24c
  languageName: node
  linkType: hard
